# THIS IS AN AUTOGENERATED FILE. DO NOT EDIT THIS FILE DIRECTLY.
# yarn lockfile v1


"@types/cron@^2.0.0":
  version "2.0.0"
  resolved "https://registry.npmjs.org/@types/cron/-/cron-2.0.0.tgz"
  integrity sha512-xZM08fqvwIXgghtPVkSPKNgC+JoMQ2OHazEvyTKnNf7aWu1aB6/4lBbQFrb03Td2cUGG7ITzMv3mFYnMu6xRaQ==
  dependencies:
    "@types/luxon" "*"
    "@types/node" "*"

"@types/luxon@*":
  version "3.0.1"
  resolved "https://registry.npmjs.org/@types/luxon/-/luxon-3.0.1.tgz"
  integrity sha512-/LAvk1cMOJt0ghzMFrZEvByUhsiEfeeT2IF53Le+Ki3A538yEL9pRZ7a6MuCxdrYK+YNqNIDmrKU/r2nnw04zQ==

"@types/node@*", "@types/node@^16.9.1":
  version "16.11.56"
  resolved "https://registry.npmjs.org/@types/node/-/node-16.11.56.tgz"
  integrity sha512-aFcUkv7EddxxOa/9f74DINReQ/celqH8DiB3fRYgVDM2Xm5QJL8sl80QKuAnGvwAsMn+H3IFA6WCrQh1CY7m1A==

cloudinary-core@^2.13.0:
  version "2.13.0"
  resolved "https://registry.npmjs.org/cloudinary-core/-/cloudinary-core-2.13.0.tgz"
  integrity sha512-Nt0Q5I2FtenmJghtC4YZ3MZZbGg1wLm84SsxcuVwZ83OyJqG9CNIGp86CiI6iDv3QobaqBUpOT7vg+HqY5HxEA==

cloudinary@^1.41.2:
  version "1.41.2"
  resolved "https://registry.npmjs.org/cloudinary/-/cloudinary-1.41.2.tgz"
  integrity sha512-9gH6ofz+N8AzfjqtmTgB9lVxwWcroHFfMOOM6iiX/g1H+KYz+sArClXWtd0prRE6m/IoBBBbbaJ12yRdJNnMxA==
  dependencies:
    cloudinary-core "^2.13.0"
    core-js "^3.30.1"
    lodash "^4.17.21"
    q "^1.5.1"

core-js@^3.30.1:
  version "3.35.0"
  resolved "https://registry.npmjs.org/core-js/-/core-js-3.35.0.tgz"
  integrity sha512-ntakECeqg81KqMueeGJ79Q5ZgQNR+6eaE8sxGCx62zMbAIj65q+uYvatToew3m6eAGdU4gNZwpZ34NMe4GYswg==

cron@^2.1.0:
  version "2.1.0"
  resolved "https://registry.npmjs.org/cron/-/cron-2.1.0.tgz"
  integrity sha512-Hq7u3P8y7UWYvsZbSKHHJDVG0VO9O7tp2qljxzTScelcTODBfCme8AIhnZsFwmQ9NchZ3hr2uNr+s3DSms7q6w==
  dependencies:
    luxon "^1.23.x"

envsafe@^2.0.3:
  version "2.0.3"
  resolved "https://registry.npmjs.org/envsafe/-/envsafe-2.0.3.tgz"
  integrity sha512-51lek8h5btjXhXUDW//Pno7HPydM1WQzltOb1/ONRKdwB2QkfAURnN4Qn0cJ5LzGvX2Km1ReR2O3K3Bqq9sBMg==

filesize@^10.1.0:
  version "10.1.0"
  resolved "https://registry.npmjs.org/filesize/-/filesize-10.1.0.tgz"
  integrity sha512-GTLKYyBSDz3nPhlLVPjPWZCnhkd9TrrRArNcy8Z+J2cqScB7h2McAzR6NBX6nYOoWafql0roY8hrocxnZBv9CQ==

lodash@^4.17.21, lodash@>=4.0:
  version "4.17.21"
  resolved "https://registry.npmjs.org/lodash/-/lodash-4.17.21.tgz"
  integrity sha512-v2kDEe57lecTulaDIuNTPy3Ry4gLGJ6Z1O3vE1krgXZNrsQ+LFTGHVxVjcXPs17LhbZVGedAJv8XZ1tvj5FvSg==

luxon@^1.23.x:
  version "1.28.0"
  resolved "https://registry.npmjs.org/luxon/-/luxon-1.28.0.tgz"
  integrity sha512-TfTiyvZhwBYM/7QdAVDh+7dBTBA29v4ik0Ce9zda3Mnf8on1S5KJI8P2jKFZ8+5C0jhmr0KwJEO/Wdpm0VeWJQ==

q@^1.5.1:
  version "1.5.1"
  resolved "https://registry.npmjs.org/q/-/q-1.5.1.tgz"
  integrity sha512-kV/CThkXo6xyFEZUugw/+pIOywXcDbFYgSct5cT3gqlbkBE1SJdwy6UQoZvodiWF/ckQLZyDE/Bu1M6gVu5lVw==

typescript@^4.4.2:
  version "4.8.2"
  resolved "https://registry.npmjs.org/typescript/-/typescript-4.8.2.tgz"
  integrity sha512-C0I1UsrrDHo2fYI5oaCGbSejwX4ch+9Y5jTQELvovfmFkK3HHSZJB8MSJcWLmCUBzQBchCrZ9rMRV6GuNrvGtw==
